github.com/RainSunshineCloud/go-iniconfig v0.0.0-20190930114638-ea9b8c8de7c5 h1:KSyrgzFk6rEyxsIlHQAe/OYjORo5/FkRuJ8l9JbE3gg=
github.com/RainSunshineCloud/go-iniconfig v0.0.0-20190930114638-ea9b8c8de7c5/go.mod h1:DBgyf7FvzqpwyWZXtfKSSPhpzjF2s50MmgVtFqJJ6hE=
github.com/gorilla/mux v1.7.3 h1:gnP5JzjVOuiZD07fKKToCAOjS0yOpj/qPETTXCCS6hw=
github.com/gorilla/mux v1.7.3/go.mod h1:1lud6UwP+6orDFRuTfBEV8e9/aOM/c4fVVCaMa2zaAs=
